// !$*UTF8*$!
{
	archiveVersion = 1;
	classes = {
	};
	objectVersion = 46;
	objects = {

/* Begin PBXBuildFile section */
		150CB1C71948E6B800636103 /* Foundation.framework in Frameworks */ = {isa = PBXBuildFile; fileRef = 150CB1C61948E6B800636103 /* Foundation.framework */; };
		150CB1C91948E6B800636103 /* CoreGraphics.framework in Frameworks */ = {isa = PBXBuildFile; fileRef = 150CB1C81948E6B800636103 /* CoreGraphics.framework */; };
		150CB1CB1948E6B900636103 /* UIKit.framework in Frameworks */ = {isa = PBXBuildFile; fileRef = 150CB1CA1948E6B900636103 /* UIKit.framework */; };
		150CB1D11948E6B900636103 /* InfoPlist.strings in Resources */ = {isa = PBXBuildFile; fileRef = 150CB1CF1948E6B900636103 /* InfoPlist.strings */; };
		150CB1D31948E6B900636103 /* main.m in Sources */ = {isa = PBXBuildFile; fileRef = 150CB1D21948E6B900636103 /* main.m */; };
		150CB1D71948E6B900636103 /* AppDelegate.mm in Sources */ = {isa = PBXBuildFile; fileRef = 150CB1D61948E6B900636103 /* AppDelegate.mm */; };
		150CB1D91948E6B900636103 /* Images.xcassets in Resources */ = {isa = PBXBuildFile; fileRef = 150CB1D81948E6B900636103 /* Images.xcassets */; };
		150CB1E01948E6B900636103 /* XCTest.framework in Frameworks */ = {isa = PBXBuildFile; fileRef = 150CB1DF1948E6B900636103 /* XCTest.framework */; };
		150CB1E11948E6B900636103 /* Foundation.framework in Frameworks */ = {isa = PBXBuildFile; fileRef = 150CB1C61948E6B800636103 /* Foundation.framework */; };
		150CB1E21948E6B900636103 /* UIKit.framework in Frameworks */ = {isa = PBXBuildFile; fileRef = 150CB1CA1948E6B900636103 /* UIKit.framework */; };
		150CB1EA1948E6B900636103 /* InfoPlist.strings in Resources */ = {isa = PBXBuildFile; fileRef = 150CB1E81948E6B900636103 /* InfoPlist.strings */; };
		150CB1EC1948E6B900636103 /* PAM2Tests.m in Sources */ = {isa = PBXBuildFile; fileRef = 150CB1EB1948E6B900636103 /* PAM2Tests.m */; };
		150CB20F1948F02100636103 /* libGEL-iOS Static Library.a in Frameworks */ = {isa = PBXBuildFile; fileRef = 150CB2081948EFD900636103 /* libGEL-iOS Static Library.a */; };
		150CB2131948F86B00636103 /* OpenGLES.framework in Frameworks */ = {isa = PBXBuildFile; fileRef = 150CB2121948F86B00636103 /* OpenGLES.framework */; };
		150CB2151948F88900636103 /* GLKit.framework in Frameworks */ = {isa = PBXBuildFile; fileRef = 150CB2141948F88900636103 /* GLKit.framework */; };
		150CB2221949019000636103 /* PAMManifold.mm in Sources */ = {isa = PBXBuildFile; fileRef = 150CB2201949019000636103 /* PAMManifold.mm */; };
		150CB2231949019000636103 /* PAMManifold.mm in Sources */ = {isa = PBXBuildFile; fileRef = 150CB2201949019000636103 /* PAMManifold.mm */; };
		151A4A941973ADEE00992F42 /* RAPolylineUtilities.cpp in Sources */ = {isa = PBXBuildFile; fileRef = 151A4A921973ADEE00992F42 /* RAPolylineUtilities.cpp */; };
		151A4A951973ADEE00992F42 /* RAPolylineUtilities.cpp in Sources */ = {isa = PBXBuildFile; fileRef = 151A4A921973ADEE00992F42 /* RAPolylineUtilities.cpp */; };
		151A4A981973B5AD00992F42 /* SegmentSpline.cpp in Sources */ = {isa = PBXBuildFile; fileRef = 151A4A961973B5AD00992F42 /* SegmentSpline.cpp */; };
		151A4A991973B5AD00992F42 /* SegmentSpline.cpp in Sources */ = {isa = PBXBuildFile; fileRef = 151A4A961973B5AD00992F42 /* SegmentSpline.cpp */; };
		151A4AE91974EC6300992F42 /* platesegment.obj in Resources */ = {isa = PBXBuildFile; fileRef = 151A4AE81974EC6300992F42 /* platesegment.obj */; };
		151A4AEA1974EC6300992F42 /* platesegment.obj in Resources */ = {isa = PBXBuildFile; fileRef = 151A4AE81974EC6300992F42 /* platesegment.obj */; };
		15736AFD195156AC00055052 /* HAND PAM 15.obj in Resources */ = {isa = PBXBuildFile; fileRef = 15736AFC195156AC00055052 /* HAND PAM 15.obj */; };
		15736AFE195156AC00055052 /* HAND PAM 15.obj in Resources */ = {isa = PBXBuildFile; fileRef = 15736AFC195156AC00055052 /* HAND PAM 15.obj */; };
		157B96211958BEB3008599EC /* PAM.obj in Resources */ = {isa = PBXBuildFile; fileRef = 157B96201958BEB3008599EC /* PAM.obj */; };
		157BBA7A197DC6B30089B753 /* PAMSettingsManager.cpp in Sources */ = {isa = PBXBuildFile; fileRef = 157BBA78197DC6B30089B753 /* PAMSettingsManager.cpp */; };
		159499C9196B7842000095C4 /* RAES2OffScreenBuffer.cpp in Sources */ = {isa = PBXBuildFile; fileRef = 159499C7196B7842000095C4 /* RAES2OffScreenBuffer.cpp */; };
		159499CA196B7842000095C4 /* RAES2OffScreenBuffer.cpp in Sources */ = {isa = PBXBuildFile; fileRef = 159499C7196B7842000095C4 /* RAES2OffScreenBuffer.cpp */; };
		159499D1196B9BB6000095C4 /* glu.cpp in Sources */ = {isa = PBXBuildFile; fileRef = 159499CF196B9BB6000095C4 /* glu.cpp */; };
		159499D2196B9BB6000095C4 /* glu.cpp in Sources */ = {isa = PBXBuildFile; fileRef = 159499CF196B9BB6000095C4 /* glu.cpp */; };
		159499D4196BA1CF000095C4 /* 3DFile.obj in Resources */ = {isa = PBXBuildFile; fileRef = 159499D3196BA1CF000095C4 /* 3DFile.obj */; };
		159499D5196BA1CF000095C4 /* 3DFile.obj in Resources */ = {isa = PBXBuildFile; fileRef = 159499D3196BA1CF000095C4 /* 3DFile.obj */; };
		159499D7196BA36C000095C4 /* table.obj in Resources */ = {isa = PBXBuildFile; fileRef = 159499D6196BA36C000095C4 /* table.obj */; };
		159499D8196BA36C000095C4 /* table.obj in Resources */ = {isa = PBXBuildFile; fileRef = 159499D6196BA36C000095C4 /* table.obj */; };
		159499DA196BA372000095C4 /* dino.obj in Resources */ = {isa = PBXBuildFile; fileRef = 159499D9196BA372000095C4 /* dino.obj */; };
		159499DB196BA372000095C4 /* dino.obj in Resources */ = {isa = PBXBuildFile; fileRef = 159499D9196BA372000095C4 /* dino.obj */; };
		159499DD196BA692000095C4 /* shuttle.obj in Resources */ = {isa = PBXBuildFile; fileRef = 159499DC196BA692000095C4 /* shuttle.obj */; };
		159499DE196BA692000095C4 /* shuttle.obj in Resources */ = {isa = PBXBuildFile; fileRef = 159499DC196BA692000095C4 /* shuttle.obj */; };
		159499E0196BA6FC000095C4 /* alfa147.obj in Resources */ = {isa = PBXBuildFile; fileRef = 159499DF196BA6FC000095C4 /* alfa147.obj */; };
		159499E1196BA6FC000095C4 /* alfa147.obj in Resources */ = {isa = PBXBuildFile; fileRef = 159499DF196BA6FC000095C4 /* alfa147.obj */; };
		159499E6196BE6E6000095C4 /* OssaPlatesViewController.mm in Sources */ = {isa = PBXBuildFile; fileRef = 159499E5196BE6E6000095C4 /* OssaPlatesViewController.mm */; };
		159499E7196BE6E6000095C4 /* OssaPlatesViewController.mm in Sources */ = {isa = PBXBuildFile; fileRef = 159499E5196BE6E6000095C4 /* OssaPlatesViewController.mm */; };
		159499EF196C01B5000095C4 /* RAPolyLine.cpp in Sources */ = {isa = PBXBuildFile; fileRef = 159499ED196C01B5000095C4 /* RAPolyLine.cpp */; };
		159499F0196C01B5000095C4 /* RAPolyLine.cpp in Sources */ = {isa = PBXBuildFile; fileRef = 159499ED196C01B5000095C4 /* RAPolyLine.cpp */; };
		15AE973219777ABE00316852 /* pelvis.obj in Resources */ = {isa = PBXBuildFile; fileRef = 15AE973119777ABE00316852 /* pelvis.obj */; };
		15AE97391977A15B00316852 /* Plate.cpp in Sources */ = {isa = PBXBuildFile; fileRef = 15AE97371977A15B00316852 /* Plate.cpp */; };
		15AE973A1977A15B00316852 /* Plate.cpp in Sources */ = {isa = PBXBuildFile; fileRef = 15AE97371977A15B00316852 /* Plate.cpp */; };
		15B7D2A91978A94F008ADA28 /* roundsegment.obj in Resources */ = {isa = PBXBuildFile; fileRef = 15B7D2A81978A94F008ADA28 /* roundsegment.obj */; };
		15B8A421194CD1D900CD578C /* RAMesh.cpp in Sources */ = {isa = PBXBuildFile; fileRef = 15B8A41B194CD1D900CD578C /* RAMesh.cpp */; };
		15B8A422194CD1D900CD578C /* RAES2ShaderProgram.cpp in Sources */ = {isa = PBXBuildFile; fileRef = 15B8A41D194CD1D900CD578C /* RAES2ShaderProgram.cpp */; };
		15B8A423194CD1D900CD578C /* RAES2VertexBuffer.cpp in Sources */ = {isa = PBXBuildFile; fileRef = 15B8A41F194CD1D900CD578C /* RAES2VertexBuffer.cpp */; };
		15B8A429194CD28900CD578C /* Shader.fsh in Resources */ = {isa = PBXBuildFile; fileRef = 15B8A427194CD28900CD578C /* Shader.fsh */; };
		15B8A42A194CD28900CD578C /* Shader.vsh in Resources */ = {isa = PBXBuildFile; fileRef = 15B8A428194CD28900CD578C /* Shader.vsh */; };
		15B8BE4A195E547F00CE2AE6 /* RARotationManager.cpp in Sources */ = {isa = PBXBuildFile; fileRef = 15B8BE43195E547F00CE2AE6 /* RARotationManager.cpp */; };
		15B8BE4B195E547F00CE2AE6 /* RATranslationManager.cpp in Sources */ = {isa = PBXBuildFile; fileRef = 15B8BE45195E547F00CE2AE6 /* RATranslationManager.cpp */; };
		15B8BE4C195E547F00CE2AE6 /* RAZoomManager.cpp in Sources */ = {isa = PBXBuildFile; fileRef = 15B8BE47195E547F00CE2AE6 /* RAZoomManager.cpp */; };
		15B8BE4F195E68C400CE2AE6 /* PosColorShader.fsh in Resources */ = {isa = PBXBuildFile; fileRef = 15B8BE4D195E68C400CE2AE6 /* PosColorShader.fsh */; };
		15B8BE50195E68C400CE2AE6 /* PosColorShader.vsh in Resources */ = {isa = PBXBuildFile; fileRef = 15B8BE4E195E68C400CE2AE6 /* PosColorShader.vsh */; };
		15D4F0B71958EF5B001245FB /* RAES2VertexArray.cpp in Sources */ = {isa = PBXBuildFile; fileRef = 15D4F0B51958EF5B001245FB /* RAES2VertexArray.cpp */; };
		15D4F0B81958EF5B001245FB /* RAES2VertexArray.cpp in Sources */ = {isa = PBXBuildFile; fileRef = 15D4F0B51958EF5B001245FB /* RAES2VertexArray.cpp */; };
		15D4F0C01958F678001245FB /* BasePAMViewController.mm in Sources */ = {isa = PBXBuildFile; fileRef = 15D4F0BD1958F678001245FB /* BasePAMViewController.mm */; };
		15D4F0C11958F678001245FB /* BasePAMViewController.mm in Sources */ = {isa = PBXBuildFile; fileRef = 15D4F0BD1958F678001245FB /* BasePAMViewController.mm */; };
		15D4F0C21958F678001245FB /* PAMES2ViewController.mm in Sources */ = {isa = PBXBuildFile; fileRef = 15D4F0BF1958F678001245FB /* PAMES2ViewController.mm */; };
		15D4F0C31958F678001245FB /* PAMES2ViewController.mm in Sources */ = {isa = PBXBuildFile; fileRef = 15D4F0BF1958F678001245FB /* PAMES2ViewController.mm */; };
		15D4F0C71958F691001245FB /* RALogManager.cpp in Sources */ = {isa = PBXBuildFile; fileRef = 15D4F0C51958F691001245FB /* RALogManager.cpp */; };
		15D4F0C81958F691001245FB /* RALogManager.cpp in Sources */ = {isa = PBXBuildFile; fileRef = 15D4F0C51958F691001245FB /* RALogManager.cpp */; };
		15EEF1C9195F79AD00902AA7 /* sphere.obj in Resources */ = {isa = PBXBuildFile; fileRef = 15EEF1C3195F79AD00902AA7 /* sphere.obj */; };
		15EEF1CA195F79AD00902AA7 /* RABoundingBox.cpp in Sources */ = {isa = PBXBuildFile; fileRef = 15EEF1C5195F79AD00902AA7 /* RABoundingBox.cpp */; };
		15EEF1CB195F79AD00902AA7 /* RAUnitSphere.cpp in Sources */ = {isa = PBXBuildFile; fileRef = 15EEF1C7195F79AD00902AA7 /* RAUnitSphere.cpp */; };
		15EEF1D0195FCAEA00902AA7 /* DepthShader.fsh in Resources */ = {isa = PBXBuildFile; fileRef = 15EEF1CE195FCAEA00902AA7 /* DepthShader.fsh */; };
		15EEF1D1195FCAEA00902AA7 /* DepthShader.vsh in Resources */ = {isa = PBXBuildFile; fileRef = 15EEF1CF195FCAEA00902AA7 /* DepthShader.vsh */; };
/* End PBXBuildFile section */

/* Begin PBXContainerItemProxy section */
		150CB1E31948E6B900636103 /* PBXContainerItemProxy */ = {
			isa = PBXContainerItemProxy;
			containerPortal = 150CB1BB1948E6B800636103 /* Project object */;
			proxyType = 1;
			remoteGlobalIDString = 150CB1C21948E6B800636103;
			remoteInfo = PAM2;
		};
		150CB2051948EFD900636103 /* PBXContainerItemProxy */ = {
			isa = PBXContainerItemProxy;
			containerPortal = 150CB1FE1948EFD900636103 /* GEL-iOS.xcodeproj */;
			proxyType = 2;
			remoteGlobalIDString = 1AAD577B17F4DAE80064BA71;
			remoteInfo = "GEL-iOS";
		};
		150CB2071948EFD900636103 /* PBXContainerItemProxy */ = {
			isa = PBXContainerItemProxy;
			containerPortal = 150CB1FE1948EFD900636103 /* GEL-iOS.xcodeproj */;
			proxyType = 2;
			remoteGlobalIDString = 1A9433DE17F4E7A3007FAC88;
			remoteInfo = "GEL-iOS Static Library";
		};
		150CB2091948EFD900636103 /* PBXContainerItemProxy */ = {
			isa = PBXContainerItemProxy;
			containerPortal = 150CB1FE1948EFD900636103 /* GEL-iOS.xcodeproj */;
			proxyType = 2;
			remoteGlobalIDString = 1AAD579617F4DAE80064BA71;
			remoteInfo = "GEL-iOSTests";
		};
		150CB20B1948EFD900636103 /* PBXContainerItemProxy */ = {
			isa = PBXContainerItemProxy;
			containerPortal = 150CB1FE1948EFD900636103 /* GEL-iOS.xcodeproj */;
			proxyType = 2;
			remoteGlobalIDString = 1A9433EB17F4E7A3007FAC88;
			remoteInfo = "GEL-iOS Static LibraryTests";
		};
		150CB20D1948F01D00636103 /* PBXContainerItemProxy */ = {
			isa = PBXContainerItemProxy;
			containerPortal = 150CB1FE1948EFD900636103 /* GEL-iOS.xcodeproj */;
			proxyType = 1;
			remoteGlobalIDString = 1A9433DD17F4E7A3007FAC88;
			remoteInfo = "GEL-iOS Static Library";
		};
/* End PBXContainerItemProxy section */

/* Begin PBXFileReference section */
		150B747B1972179400F3D81D /* libpthread.dylib */ = {isa = PBXFileReference; lastKnownFileType = "compiled.mach-o.dylib"; name = libpthread.dylib; path = usr/lib/libpthread.dylib; sourceTree = SDKROOT; };
		150CB1C31948E6B800636103 /* PAM2.app */ = {isa = PBXFileReference; explicitFileType = wrapper.application; includeInIndex = 0; path = PAM2.app; sourceTree = BUILT_PRODUCTS_DIR; };
		150CB1C61948E6B800636103 /* Foundation.framework */ = {isa = PBXFileReference; lastKnownFileType = wrapper.framework; name = Foundation.framework; path = System/Library/Frameworks/Foundation.framework; sourceTree = SDKROOT; };
		150CB1C81948E6B800636103 /* CoreGraphics.framework */ = {isa = PBXFileReference; lastKnownFileType = wrapper.framework; name = CoreGraphics.framework; path = System/Library/Frameworks/CoreGraphics.framework; sourceTree = SDKROOT; };
		150CB1CA1948E6B900636103 /* UIKit.framework */ = {isa = PBXFileReference; lastKnownFileType = wrapper.framework; name = UIKit.framework; path = System/Library/Frameworks/UIKit.framework; sourceTree = SDKROOT; };
		150CB1CE1948E6B900636103 /* PAM2-Info.plist */ = {isa = PBXFileReference; lastKnownFileType = text.plist.xml; path = "PAM2-Info.plist"; sourceTree = "<group>"; };
		150CB1D01948E6B900636103 /* en */ = {isa = PBXFileReference; lastKnownFileType = text.plist.strings; name = en; path = en.lproj/InfoPlist.strings; sourceTree = "<group>"; };
		150CB1D21948E6B900636103 /* main.m */ = {isa = PBXFileReference; lastKnownFileType = sourcecode.c.objc; path = main.m; sourceTree = "<group>"; };
		150CB1D41948E6B900636103 /* PAM2-Prefix.pch */ = {isa = PBXFileReference; lastKnownFileType = sourcecode.c.h; path = "PAM2-Prefix.pch"; sourceTree = "<group>"; };
		150CB1D51948E6B900636103 /* AppDelegate.h */ = {isa = PBXFileReference; lastKnownFileType = sourcecode.c.h; path = AppDelegate.h; sourceTree = "<group>"; };
		150CB1D61948E6B900636103 /* AppDelegate.mm */ = {isa = PBXFileReference; lastKnownFileType = sourcecode.cpp.objcpp; path = AppDelegate.mm; sourceTree = "<group>"; };
		150CB1D81948E6B900636103 /* Images.xcassets */ = {isa = PBXFileReference; lastKnownFileType = folder.assetcatalog; path = Images.xcassets; sourceTree = "<group>"; };
		150CB1DE1948E6B900636103 /* PAM2Tests.xctest */ = {isa = PBXFileReference; explicitFileType = wrapper.cfbundle; includeInIndex = 0; path = PAM2Tests.xctest; sourceTree = BUILT_PRODUCTS_DIR; };
		150CB1DF1948E6B900636103 /* XCTest.framework */ = {isa = PBXFileReference; lastKnownFileType = wrapper.framework; name = XCTest.framework; path = Library/Frameworks/XCTest.framework; sourceTree = DEVELOPER_DIR; };
		150CB1E71948E6B900636103 /* PAM2Tests-Info.plist */ = {isa = PBXFileReference; lastKnownFileType = text.plist.xml; path = "PAM2Tests-Info.plist"; sourceTree = "<group>"; };
		150CB1E91948E6B900636103 /* en */ = {isa = PBXFileReference; lastKnownFileType = text.plist.strings; name = en; path = en.lproj/InfoPlist.strings; sourceTree = "<group>"; };
		150CB1EB1948E6B900636103 /* PAM2Tests.m */ = {isa = PBXFileReference; lastKnownFileType = sourcecode.c.objc; path = PAM2Tests.m; sourceTree = "<group>"; };
		150CB1FE1948EFD900636103 /* GEL-iOS.xcodeproj */ = {isa = PBXFileReference; lastKnownFileType = "wrapper.pb-project"; name = "GEL-iOS.xcodeproj"; path = "GEL-iOS/GEL-iOS/GEL-iOS.xcodeproj"; sourceTree = "<group>"; };
		150CB2121948F86B00636103 /* OpenGLES.framework */ = {isa = PBXFileReference; lastKnownFileType = wrapper.framework; name = OpenGLES.framework; path = System/Library/Frameworks/OpenGLES.framework; sourceTree = SDKROOT; };
		150CB2141948F88900636103 /* GLKit.framework */ = {isa = PBXFileReference; lastKnownFileType = wrapper.framework; name = GLKit.framework; path = System/Library/Frameworks/GLKit.framework; sourceTree = SDKROOT; };
		150CB2201949019000636103 /* PAMManifold.mm */ = {isa = PBXFileReference; fileEncoding = 4; lastKnownFileType = sourcecode.cpp.objcpp; lineEnding = 0; name = PAMManifold.mm; path = Source/PAMManifold.mm; sourceTree = "<group>"; xcLanguageSpecificationIdentifier = xcode.lang.objcpp; };
		150CB2211949019000636103 /* PAMManifold.h */ = {isa = PBXFileReference; fileEncoding = 4; lastKnownFileType = sourcecode.c.h; name = PAMManifold.h; path = Source/PAMManifold.h; sourceTree = "<group>"; };
		1519261F1953D8930006BC76 /* Cocoa.framework */ = {isa = PBXFileReference; lastKnownFileType = wrapper.framework; name = Cocoa.framework; path = Library/Frameworks/Cocoa.framework; sourceTree = DEVELOPER_DIR; };
		151926221953D8930006BC76 /* AppKit.framework */ = {isa = PBXFileReference; lastKnownFileType = wrapper.framework; name = AppKit.framework; path = Library/Frameworks/AppKit.framework; sourceTree = SDKROOT; };
		151926231953D8930006BC76 /* CoreData.framework */ = {isa = PBXFileReference; lastKnownFileType = wrapper.framework; name = CoreData.framework; path = Library/Frameworks/CoreData.framework; sourceTree = SDKROOT; };
		151926241953D8930006BC76 /* Foundation.framework */ = {isa = PBXFileReference; lastKnownFileType = wrapper.framework; name = Foundation.framework; path = Library/Frameworks/Foundation.framework; sourceTree = SDKROOT; };
		151A4A921973ADEE00992F42 /* RAPolylineUtilities.cpp */ = {isa = PBXFileReference; fileEncoding = 4; lastKnownFileType = sourcecode.cpp.cpp; name = RAPolylineUtilities.cpp; path = Source/RAEngine/RAPolylineUtilities.cpp; sourceTree = "<group>"; };
		151A4A931973ADEE00992F42 /* RAPolylineUtilities.h */ = {isa = PBXFileReference; fileEncoding = 4; lastKnownFileType = sourcecode.c.h; name = RAPolylineUtilities.h; path = Source/RAEngine/RAPolylineUtilities.h; sourceTree = "<group>"; };
		151A4A961973B5AD00992F42 /* SegmentSpline.cpp */ = {isa = PBXFileReference; fileEncoding = 4; lastKnownFileType = sourcecode.cpp.cpp; path = SegmentSpline.cpp; sourceTree = "<group>"; };
		151A4A971973B5AD00992F42 /* SegmentSpline.h */ = {isa = PBXFileReference; fileEncoding = 4; lastKnownFileType = sourcecode.c.h; path = SegmentSpline.h; sourceTree = "<group>"; };
		151A4AE81974EC6300992F42 /* platesegment.obj */ = {isa = PBXFileReference; fileEncoding = 4; lastKnownFileType = text; name = platesegment.obj; path = "../Source/RAEngine/OBJ files/platesegment.obj"; sourceTree = "<group>"; };
		15736AFC195156AC00055052 /* HAND PAM 15.obj */ = {isa = PBXFileReference; fileEncoding = 4; lastKnownFileType = text; name = "HAND PAM 15.obj"; path = "Temp Files/HAND PAM 15.obj"; sourceTree = "<group>"; };
		157B96201958BEB3008599EC /* PAM.obj */ = {isa = PBXFileReference; fileEncoding = 4; lastKnownFileType = text; name = PAM.obj; path = "Temp Files/PAM.obj"; sourceTree = "<group>"; };
		157BBA78197DC6B30089B753 /* PAMSettingsManager.cpp */ = {isa = PBXFileReference; fileEncoding = 4; lastKnownFileType = sourcecode.cpp.cpp; name = PAMSettingsManager.cpp; path = Source/PAMSettingsManager.cpp; sourceTree = "<group>"; };
		157BBA79197DC6B30089B753 /* PAMSettingsManager.h */ = {isa = PBXFileReference; fileEncoding = 4; lastKnownFileType = sourcecode.c.h; name = PAMSettingsManager.h; path = Source/PAMSettingsManager.h; sourceTree = "<group>"; };
		159499C7196B7842000095C4 /* RAES2OffScreenBuffer.cpp */ = {isa = PBXFileReference; fileEncoding = 4; lastKnownFileType = sourcecode.cpp.cpp; name = RAES2OffScreenBuffer.cpp; path = Source/RAEngine/Core/RAES2OffScreenBuffer.cpp; sourceTree = "<group>"; };
		159499C8196B7842000095C4 /* RAES2OffScreenBuffer.h */ = {isa = PBXFileReference; fileEncoding = 4; lastKnownFileType = sourcecode.c.h; name = RAES2OffScreenBuffer.h; path = Source/RAEngine/Core/RAES2OffScreenBuffer.h; sourceTree = "<group>"; };
		159499CF196B9BB6000095C4 /* glu.cpp */ = {isa = PBXFileReference; fileEncoding = 4; lastKnownFileType = sourcecode.cpp.cpp; name = glu.cpp; path = Source/RAEngine/glu/glu.cpp; sourceTree = "<group>"; };
		159499D0196B9BB6000095C4 /* glu.h */ = {isa = PBXFileReference; fileEncoding = 4; lastKnownFileType = sourcecode.c.h; name = glu.h; path = Source/RAEngine/glu/glu.h; sourceTree = "<group>"; };
		159499D3196BA1CF000095C4 /* 3DFile.obj */ = {isa = PBXFileReference; fileEncoding = 4; lastKnownFileType = text; name = 3DFile.obj; path = ../../../Desktop/3DFile.obj; sourceTree = "<group>"; };
		159499D6196BA36C000095C4 /* table.obj */ = {isa = PBXFileReference; fileEncoding = 4; lastKnownFileType = text; name = table.obj; path = ../../../Desktop/table.obj; sourceTree = "<group>"; };
		159499D9196BA372000095C4 /* dino.obj */ = {isa = PBXFileReference; fileEncoding = 4; lastKnownFileType = text; name = dino.obj; path = ../../../Desktop/dino.obj; sourceTree = "<group>"; };
		159499DC196BA692000095C4 /* shuttle.obj */ = {isa = PBXFileReference; fileEncoding = 4; lastKnownFileType = text; name = shuttle.obj; path = ../../../Downloads/shuttle.obj; sourceTree = "<group>"; };
		159499DF196BA6FC000095C4 /* alfa147.obj */ = {isa = PBXFileReference; fileEncoding = 4; lastKnownFileType = text; name = alfa147.obj; path = ../../../Downloads/alfa147.obj; sourceTree = "<group>"; };
		159499E4196BE6E6000095C4 /* OssaPlatesViewController.h */ = {isa = PBXFileReference; fileEncoding = 4; lastKnownFileType = sourcecode.c.h; path = OssaPlatesViewController.h; sourceTree = "<group>"; };
		159499E5196BE6E6000095C4 /* OssaPlatesViewController.mm */ = {isa = PBXFileReference; fileEncoding = 4; lastKnownFileType = sourcecode.cpp.objcpp; path = OssaPlatesViewController.mm; sourceTree = "<group>"; };
		159499ED196C01B5000095C4 /* RAPolyLine.cpp */ = {isa = PBXFileReference; fileEncoding = 4; lastKnownFileType = sourcecode.cpp.cpp; lineEnding = 0; path = RAPolyLine.cpp; sourceTree = "<group>"; xcLanguageSpecificationIdentifier = xcode.lang.cpp; };
		159499EE196C01B5000095C4 /* RAPolyLine.h */ = {isa = PBXFileReference; fileEncoding = 4; lastKnownFileType = sourcecode.c.h; lineEnding = 0; path = RAPolyLine.h; sourceTree = "<group>"; xcLanguageSpecificationIdentifier = xcode.lang.objcpp; };
		15AE973119777ABE00316852 /* pelvis.obj */ = {isa = PBXFileReference; fileEncoding = 4; lastKnownFileType = text; name = pelvis.obj; path = "Temp Files/pelvis.obj"; sourceTree = "<group>"; };
		15AE97371977A15B00316852 /* Plate.cpp */ = {isa = PBXFileReference; fileEncoding = 4; lastKnownFileType = sourcecode.cpp.cpp; path = Plate.cpp; sourceTree = "<group>"; };
		15AE97381977A15B00316852 /* Plate.h */ = {isa = PBXFileReference; fileEncoding = 4; lastKnownFileType = sourcecode.c.h; path = Plate.h; sourceTree = "<group>"; };
		15B7D2A81978A94F008ADA28 /* roundsegment.obj */ = {isa = PBXFileReference; fileEncoding = 4; lastKnownFileType = text; path = roundsegment.obj; sourceTree = "<group>"; };
		15B8A41B194CD1D900CD578C /* RAMesh.cpp */ = {isa = PBXFileReference; fileEncoding = 4; lastKnownFileType = sourcecode.cpp.cpp; name = RAMesh.cpp; path = Source/RAEngine/Core/RAMesh.cpp; sourceTree = "<group>"; };
		15B8A41C194CD1D900CD578C /* RAMesh.h */ = {isa = PBXFileReference; fileEncoding = 4; lastKnownFileType = sourcecode.c.h; lineEnding = 0; name = RAMesh.h; path = Source/RAEngine/Core/RAMesh.h; sourceTree = "<group>"; xcLanguageSpecificationIdentifier = xcode.lang.objcpp; };
		15B8A41D194CD1D900CD578C /* RAES2ShaderProgram.cpp */ = {isa = PBXFileReference; fileEncoding = 4; lastKnownFileType = sourcecode.cpp.cpp; lineEnding = 0; name = RAES2ShaderProgram.cpp; path = Source/RAEngine/Core/RAES2ShaderProgram.cpp; sourceTree = "<group>"; xcLanguageSpecificationIdentifier = xcode.lang.cpp; };
		15B8A41E194CD1D900CD578C /* RAES2ShaderProgram.h */ = {isa = PBXFileReference; fileEncoding = 4; lastKnownFileType = sourcecode.c.h; lineEnding = 0; name = RAES2ShaderProgram.h; path = Source/RAEngine/Core/RAES2ShaderProgram.h; sourceTree = "<group>"; xcLanguageSpecificationIdentifier = xcode.lang.objcpp; };
		15B8A41F194CD1D900CD578C /* RAES2VertexBuffer.cpp */ = {isa = PBXFileReference; fileEncoding = 4; lastKnownFileType = sourcecode.cpp.cpp; lineEnding = 0; name = RAES2VertexBuffer.cpp; path = Source/RAEngine/Core/RAES2VertexBuffer.cpp; sourceTree = "<group>"; xcLanguageSpecificationIdentifier = xcode.lang.cpp; };
		15B8A420194CD1D900CD578C /* RAES2VertexBuffer.h */ = {isa = PBXFileReference; fileEncoding = 4; lastKnownFileType = sourcecode.c.h; lineEnding = 0; name = RAES2VertexBuffer.h; path = Source/RAEngine/Core/RAES2VertexBuffer.h; sourceTree = "<group>"; xcLanguageSpecificationIdentifier = xcode.lang.objcpp; };
		15B8A427194CD28900CD578C /* Shader.fsh */ = {isa = PBXFileReference; fileEncoding = 4; lastKnownFileType = sourcecode.glsl; name = Shader.fsh; path = Source/RAEngine/Shaders/Shader.fsh; sourceTree = "<group>"; };
		15B8A428194CD28900CD578C /* Shader.vsh */ = {isa = PBXFileReference; fileEncoding = 4; lastKnownFileType = sourcecode.glsl; name = Shader.vsh; path = Source/RAEngine/Shaders/Shader.vsh; sourceTree = "<group>"; };
		15B8BE43195E547F00CE2AE6 /* RARotationManager.cpp */ = {isa = PBXFileReference; fileEncoding = 4; lastKnownFileType = sourcecode.cpp.cpp; path = RARotationManager.cpp; sourceTree = "<group>"; };
		15B8BE44195E547F00CE2AE6 /* RARotationManager.h */ = {isa = PBXFileReference; fileEncoding = 4; lastKnownFileType = sourcecode.c.h; path = RARotationManager.h; sourceTree = "<group>"; };
		15B8BE45195E547F00CE2AE6 /* RATranslationManager.cpp */ = {isa = PBXFileReference; fileEncoding = 4; lastKnownFileType = sourcecode.cpp.cpp; path = RATranslationManager.cpp; sourceTree = "<group>"; };
		15B8BE46195E547F00CE2AE6 /* RATranslationManager.h */ = {isa = PBXFileReference; fileEncoding = 4; lastKnownFileType = sourcecode.c.h; path = RATranslationManager.h; sourceTree = "<group>"; };
		15B8BE47195E547F00CE2AE6 /* RAZoomManager.cpp */ = {isa = PBXFileReference; fileEncoding = 4; lastKnownFileType = sourcecode.cpp.cpp; path = RAZoomManager.cpp; sourceTree = "<group>"; };
		15B8BE48195E547F00CE2AE6 /* RAZoomManager.h */ = {isa = PBXFileReference; fileEncoding = 4; lastKnownFileType = sourcecode.c.h; path = RAZoomManager.h; sourceTree = "<group>"; };
		15B8BE49195E547F00CE2AE6 /* TouchScreenGestureStates.h */ = {isa = PBXFileReference; fileEncoding = 4; lastKnownFileType = sourcecode.c.h; path = TouchScreenGestureStates.h; sourceTree = "<group>"; };
		15B8BE4D195E68C400CE2AE6 /* PosColorShader.fsh */ = {isa = PBXFileReference; fileEncoding = 4; lastKnownFileType = sourcecode.glsl; name = PosColorShader.fsh; path = Source/RAEngine/Shaders/PosColorShader.fsh; sourceTree = "<group>"; };
		15B8BE4E195E68C400CE2AE6 /* PosColorShader.vsh */ = {isa = PBXFileReference; fileEncoding = 4; lastKnownFileType = sourcecode.glsl; name = PosColorShader.vsh; path = Source/RAEngine/Shaders/PosColorShader.vsh; sourceTree = "<group>"; };
		15D4F0B51958EF5B001245FB /* RAES2VertexArray.cpp */ = {isa = PBXFileReference; fileEncoding = 4; lastKnownFileType = sourcecode.cpp.cpp; name = RAES2VertexArray.cpp; path = Source/RAEngine/Core/RAES2VertexArray.cpp; sourceTree = "<group>"; };
		15D4F0B61958EF5B001245FB /* RAES2VertexArray.h */ = {isa = PBXFileReference; fileEncoding = 4; lastKnownFileType = sourcecode.c.h; name = RAES2VertexArray.h; path = Source/RAEngine/Core/RAES2VertexArray.h; sourceTree = "<group>"; };
		15D4F0BC1958F678001245FB /* BasePAMViewController.h */ = {isa = PBXFileReference; fileEncoding = 4; lastKnownFileType = sourcecode.c.h; name = BasePAMViewController.h; path = "Source/View Controllers/BasePAMViewController.h"; sourceTree = "<group>"; };
		15D4F0BD1958F678001245FB /* BasePAMViewController.mm */ = {isa = PBXFileReference; fileEncoding = 4; lastKnownFileType = sourcecode.cpp.objcpp; name = BasePAMViewController.mm; path = "Source/View Controllers/BasePAMViewController.mm"; sourceTree = "<group>"; };
		15D4F0BE1958F678001245FB /* PAMES2ViewController.h */ = {isa = PBXFileReference; fileEncoding = 4; lastKnownFileType = sourcecode.c.h; name = PAMES2ViewController.h; path = "Source/View Controllers/PAMES2ViewController.h"; sourceTree = "<group>"; };
		15D4F0BF1958F678001245FB /* PAMES2ViewController.mm */ = {isa = PBXFileReference; fileEncoding = 4; lastKnownFileType = sourcecode.cpp.objcpp; name = PAMES2ViewController.mm; path = "Source/View Controllers/PAMES2ViewController.mm"; sourceTree = "<group>"; };
		15D4F0C51958F691001245FB /* RALogManager.cpp */ = {isa = PBXFileReference; fileEncoding = 4; lastKnownFileType = sourcecode.cpp.cpp; path = RALogManager.cpp; sourceTree = "<group>"; };
		15D4F0C61958F691001245FB /* RALogManager.h */ = {isa = PBXFileReference; fileEncoding = 4; lastKnownFileType = sourcecode.c.h; path = RALogManager.h; sourceTree = "<group>"; };
		15EEF1C3195F79AD00902AA7 /* sphere.obj */ = {isa = PBXFileReference; fileEncoding = 4; lastKnownFileType = text; name = sphere.obj; path = "../Source/RAEngine/OBJ files/sphere.obj"; sourceTree = "<group>"; };
		15EEF1C5195F79AD00902AA7 /* RABoundingBox.cpp */ = {isa = PBXFileReference; fileEncoding = 4; lastKnownFileType = sourcecode.cpp.cpp; path = RABoundingBox.cpp; sourceTree = "<group>"; };
		15EEF1C6195F79AD00902AA7 /* RABoundingBox.h */ = {isa = PBXFileReference; fileEncoding = 4; lastKnownFileType = sourcecode.c.h; path = RABoundingBox.h; sourceTree = "<group>"; };
		15EEF1C7195F79AD00902AA7 /* RAUnitSphere.cpp */ = {isa = PBXFileReference; fileEncoding = 4; lastKnownFileType = sourcecode.cpp.cpp; path = RAUnitSphere.cpp; sourceTree = "<group>"; };
		15EEF1C8195F79AD00902AA7 /* RAUnitSphere.h */ = {isa = PBXFileReference; fileEncoding = 4; lastKnownFileType = sourcecode.c.h; path = RAUnitSphere.h; sourceTree = "<group>"; };
		15EEF1CE195FCAEA00902AA7 /* DepthShader.fsh */ = {isa = PBXFileReference; fileEncoding = 4; lastKnownFileType = sourcecode.glsl; name = DepthShader.fsh; path = Source/RAEngine/Shaders/DepthShader.fsh; sourceTree = "<group>"; };
		15EEF1CF195FCAEA00902AA7 /* DepthShader.vsh */ = {isa = PBXFileReference; fileEncoding = 4; lastKnownFileType = sourcecode.glsl; name = DepthShader.vsh; path = Source/RAEngine/Shaders/DepthShader.vsh; sourceTree = "<group>"; };
/* End PBXFileReference section */

/* Begin PBXFrameworksBuildPhase section */
		150CB1C01948E6B800636103 /* Frameworks */ = {
			isa = PBXFrameworksBuildPhase;
			buildActionMask = 2147483647;
			files = (
				150CB2151948F88900636103 /* GLKit.framework in Frameworks */,
				150CB2131948F86B00636103 /* OpenGLES.framework in Frameworks */,
				150CB20F1948F02100636103 /* libGEL-iOS Static Library.a in Frameworks */,
				150CB1C91948E6B800636103 /* CoreGraphics.framework in Frameworks */,
				150CB1CB1948E6B900636103 /* UIKit.framework in Frameworks */,
				150CB1C71948E6B800636103 /* Foundation.framework in Frameworks */,
			);
			runOnlyForDeploymentPostprocessing = 0;
		};
		150CB1DB1948E6B900636103 /* Frameworks */ = {
			isa = PBXFrameworksBuildPhase;
			buildActionMask = 2147483647;
			files = (
				150CB1E01948E6B900636103 /* XCTest.framework in Frameworks */,
				150CB1E21948E6B900636103 /* UIKit.framework in Frameworks */,
				150CB1E11948E6B900636103 /* Foundation.framework in Frameworks */,
			);
			runOnlyForDeploymentPostprocessing = 0;
		};
/* End PBXFrameworksBuildPhase section */

/* Begin PBXGroup section */
		150CB1BA1948E6B800636103 = {
			isa = PBXGroup;
			children = (
				150CB1FE1948EFD900636103 /* GEL-iOS.xcodeproj */,
				150CB1CC1948E6B900636103 /* PAM2 */,
				150CB1E51948E6B900636103 /* PAM2Tests */,
				150CB1C51948E6B800636103 /* Frameworks */,
				150CB1C41948E6B800636103 /* Products */,
			);
			sourceTree = "<group>";
		};
		150CB1C41948E6B800636103 /* Products */ = {
			isa = PBXGroup;
			children = (
				150CB1C31948E6B800636103 /* PAM2.app */,
				150CB1DE1948E6B900636103 /* PAM2Tests.xctest */,
			);
			name = Products;
			sourceTree = "<group>";
		};
		150CB1C51948E6B800636103 /* Frameworks */ = {
			isa = PBXGroup;
			children = (
				150B747B1972179400F3D81D /* libpthread.dylib */,
				150CB2141948F88900636103 /* GLKit.framework */,
				150CB2121948F86B00636103 /* OpenGLES.framework */,
				150CB1C61948E6B800636103 /* Foundation.framework */,
				150CB1C81948E6B800636103 /* CoreGraphics.framework */,
				150CB1CA1948E6B900636103 /* UIKit.framework */,
				150CB1DF1948E6B900636103 /* XCTest.framework */,
				1519261F1953D8930006BC76 /* Cocoa.framework */,
				151926211953D8930006BC76 /* Other Frameworks */,
			);
			name = Frameworks;
			sourceTree = "<group>";
		};
		150CB1CC1948E6B900636103 /* PAM2 */ = {
			isa = PBXGroup;
			children = (
				150CB1D51948E6B900636103 /* AppDelegate.h */,
				150CB1D61948E6B900636103 /* AppDelegate.mm */,
				15B93157194A821E0020FA2D /* ViewControllers */,
				15C649601949393D00640630 /* RAEngine */,
				150CB21F1949013C00636103 /* Source */,
				15736AFB1951563C00055052 /* TempFiles */,
				159499E3196BABB6000095C4 /* OssaPlates */,
				150CB1D81948E6B900636103 /* Images.xcassets */,
				150CB1CD1948E6B900636103 /* Supporting Files */,
			);
			path = PAM2;
			sourceTree = "<group>";
		};
		150CB1CD1948E6B900636103 /* Supporting Files */ = {
			isa = PBXGroup;
			children = (
				150CB1CE1948E6B900636103 /* PAM2-Info.plist */,
				150CB1CF1948E6B900636103 /* InfoPlist.strings */,
				150CB1D21948E6B900636103 /* main.m */,
				150CB1D41948E6B900636103 /* PAM2-Prefix.pch */,
			);
			name = "Supporting Files";
			sourceTree = "<group>";
		};
		150CB1E51948E6B900636103 /* PAM2Tests */ = {
			isa = PBXGroup;
			children = (
				150CB1EB1948E6B900636103 /* PAM2Tests.m */,
				150CB1E61948E6B900636103 /* Supporting Files */,
			);
			path = PAM2Tests;
			sourceTree = "<group>";
		};
		150CB1E61948E6B900636103 /* Supporting Files */ = {
			isa = PBXGroup;
			children = (
				150CB1E71948E6B900636103 /* PAM2Tests-Info.plist */,
				150CB1E81948E6B900636103 /* InfoPlist.strings */,
			);
			name = "Supporting Files";
			sourceTree = "<group>";
		};
		150CB1FF1948EFD900636103 /* Products */ = {
			isa = PBXGroup;
			children = (
				150CB2061948EFD900636103 /* GEL-iOS.app */,
				150CB2081948EFD900636103 /* libGEL-iOS Static Library.a */,
				150CB20A1948EFD900636103 /* GEL-iOSTests.xctest */,
				150CB20C1948EFD900636103 /* GEL-iOS Static LibraryTests.xctest */,
			);
			name = Products;
			sourceTree = "<group>";
		};
		150CB21F1949013C00636103 /* Source */ = {
			isa = PBXGroup;
			children = (
				150CB2211949019000636103 /* PAMManifold.h */,
				150CB2201949019000636103 /* PAMManifold.mm */,
				157BBA78197DC6B30089B753 /* PAMSettingsManager.cpp */,
				157BBA79197DC6B30089B753 /* PAMSettingsManager.h */,
			);
			name = Source;
			sourceTree = "<group>";
		};
		151926211953D8930006BC76 /* Other Frameworks */ = {
			isa = PBXGroup;
			children = (
				151926221953D8930006BC76 /* AppKit.framework */,
				151926231953D8930006BC76 /* CoreData.framework */,
				151926241953D8930006BC76 /* Foundation.framework */,
			);
			name = "Other Frameworks";
			sourceTree = "<group>";
		};
		15736AFB1951563C00055052 /* TempFiles */ = {
			isa = PBXGroup;
			children = (
				159499DF196BA6FC000095C4 /* alfa147.obj */,
				159499DC196BA692000095C4 /* shuttle.obj */,
				159499D9196BA372000095C4 /* dino.obj */,
				159499D6196BA36C000095C4 /* table.obj */,
				159499D3196BA1CF000095C4 /* 3DFile.obj */,
				157B96201958BEB3008599EC /* PAM.obj */,
				15736AFC195156AC00055052 /* HAND PAM 15.obj */,
				15AE973119777ABE00316852 /* pelvis.obj */,
			);
			name = TempFiles;
			sourceTree = "<group>";
		};
		159499CE196B9B9F000095C4 /* glu */ = {
			isa = PBXGroup;
			children = (
				159499CF196B9BB6000095C4 /* glu.cpp */,
				159499D0196B9BB6000095C4 /* glu.h */,
			);
			name = glu;
			sourceTree = "<group>";
		};
		159499E3196BABB6000095C4 /* OssaPlates */ = {
			isa = PBXGroup;
			children = (
				15B7D2A81978A94F008ADA28 /* roundsegment.obj */,
				151A4AE81974EC6300992F42 /* platesegment.obj */,
				15EEF1C3195F79AD00902AA7 /* sphere.obj */,
				159499E4196BE6E6000095C4 /* OssaPlatesViewController.h */,
				159499E5196BE6E6000095C4 /* OssaPlatesViewController.mm */,
				151A4A961973B5AD00992F42 /* SegmentSpline.cpp */,
				151A4A971973B5AD00992F42 /* SegmentSpline.h */,
				15AE97371977A15B00316852 /* Plate.cpp */,
				15AE97381977A15B00316852 /* Plate.h */,
			);
			path = OssaPlates;
			sourceTree = "<group>";
		};
		15B8A419194CD1AB00CD578C /* Shaders */ = {
			isa = PBXGroup;
			children = (
				15EEF1CE195FCAEA00902AA7 /* DepthShader.fsh */,
				15EEF1CF195FCAEA00902AA7 /* DepthShader.vsh */,
				15B8BE4D195E68C400CE2AE6 /* PosColorShader.fsh */,
				15B8BE4E195E68C400CE2AE6 /* PosColorShader.vsh */,
				15B8A427194CD28900CD578C /* Shader.fsh */,
				15B8A428194CD28900CD578C /* Shader.vsh */,
			);
			name = Shaders;
			sourceTree = "<group>";
		};
		15B8A41A194CD1B500CD578C /* Core */ = {
			isa = PBXGroup;
			children = (
				151A4A921973ADEE00992F42 /* RAPolylineUtilities.cpp */,
				151A4A931973ADEE00992F42 /* RAPolylineUtilities.h */,
				159499CE196B9B9F000095C4 /* glu */,
				15EEF1CC195F79D700902AA7 /* ES2 */,
				15B8BE42195E547F00CE2AE6 /* TransformationManager */,
				15D4F0C41958F691001245FB /* Logging */,
				15B8A41B194CD1D900CD578C /* RAMesh.cpp */,
				15B8A41C194CD1D900CD578C /* RAMesh.h */,
			);
			name = Core;
			sourceTree = "<group>";
		};
		15B8BE42195E547F00CE2AE6 /* TransformationManager */ = {
			isa = PBXGroup;
			children = (
				15B8BE43195E547F00CE2AE6 /* RARotationManager.cpp */,
				15B8BE44195E547F00CE2AE6 /* RARotationManager.h */,
				15B8BE45195E547F00CE2AE6 /* RATranslationManager.cpp */,
				15B8BE46195E547F00CE2AE6 /* RATranslationManager.h */,
				15B8BE47195E547F00CE2AE6 /* RAZoomManager.cpp */,
				15B8BE48195E547F00CE2AE6 /* RAZoomManager.h */,
				15B8BE49195E547F00CE2AE6 /* TouchScreenGestureStates.h */,
			);
			name = TransformationManager;
			path = Source/RAEngine/TransformationManager;
			sourceTree = "<group>";
		};
		15B93157194A821E0020FA2D /* ViewControllers */ = {
			isa = PBXGroup;
			children = (
				15D4F0BC1958F678001245FB /* BasePAMViewController.h */,
				15D4F0BD1958F678001245FB /* BasePAMViewController.mm */,
				15D4F0BE1958F678001245FB /* PAMES2ViewController.h */,
				15D4F0BF1958F678001245FB /* PAMES2ViewController.mm */,
			);
			name = ViewControllers;
			sourceTree = "<group>";
		};
		15C649601949393D00640630 /* RAEngine */ = {
			isa = PBXGroup;
			children = (
				15EEF1C4195F79AD00902AA7 /* Shapes */,
				15B8A419194CD1AB00CD578C /* Shaders */,
				15B8A41A194CD1B500CD578C /* Core */,
			);
			name = RAEngine;
			sourceTree = "<group>";
		};
		15D4F0C41958F691001245FB /* Logging */ = {
			isa = PBXGroup;
			children = (
				15D4F0C51958F691001245FB /* RALogManager.cpp */,
				15D4F0C61958F691001245FB /* RALogManager.h */,
			);
			name = Logging;
			path = Source/RAEngine/Logging;
			sourceTree = "<group>";
		};
		15EEF1C4195F79AD00902AA7 /* Shapes */ = {
			isa = PBXGroup;
			children = (
				15EEF1C5195F79AD00902AA7 /* RABoundingBox.cpp */,
				15EEF1C6195F79AD00902AA7 /* RABoundingBox.h */,
				15EEF1C7195F79AD00902AA7 /* RAUnitSphere.cpp */,
				15EEF1C8195F79AD00902AA7 /* RAUnitSphere.h */,
				159499ED196C01B5000095C4 /* RAPolyLine.cpp */,
				159499EE196C01B5000095C4 /* RAPolyLine.h */,
			);
			name = Shapes;
			path = Source/RAEngine/Shapes;
			sourceTree = "<group>";
		};
		15EEF1CC195F79D700902AA7 /* ES2 */ = {
			isa = PBXGroup;
			children = (
				15B8A41D194CD1D900CD578C /* RAES2ShaderProgram.cpp */,
				15B8A41E194CD1D900CD578C /* RAES2ShaderProgram.h */,
				15B8A41F194CD1D900CD578C /* RAES2VertexBuffer.cpp */,
				15B8A420194CD1D900CD578C /* RAES2VertexBuffer.h */,
				15D4F0B51958EF5B001245FB /* RAES2VertexArray.cpp */,
				15D4F0B61958EF5B001245FB /* RAES2VertexArray.h */,
				159499C7196B7842000095C4 /* RAES2OffScreenBuffer.cpp */,
				159499C8196B7842000095C4 /* RAES2OffScreenBuffer.h */,
			);
			name = ES2;
			sourceTree = "<group>";
		};
/* End PBXGroup section */

/* Begin PBXNativeTarget section */
		150CB1C21948E6B800636103 /* PAM2 */ = {
			isa = PBXNativeTarget;
			buildConfigurationList = 150CB1EF1948E6B900636103 /* Build configuration list for PBXNativeTarget "PAM2" */;
			buildPhases = (
				150CB1BF1948E6B800636103 /* Sources */,
				150CB1C01948E6B800636103 /* Frameworks */,
				150CB1C11948E6B800636103 /* Resources */,
			);
			buildRules = (
			);
			dependencies = (
				150CB20E1948F01D00636103 /* PBXTargetDependency */,
			);
			name = PAM2;
			productName = PAM2;
			productReference = 150CB1C31948E6B800636103 /* PAM2.app */;
			productType = "com.apple.product-type.application";
		};
		150CB1DD1948E6B900636103 /* PAM2Tests */ = {
			isa = PBXNativeTarget;
			buildConfigurationList = 150CB1F21948E6B900636103 /* Build configuration list for PBXNativeTarget "PAM2Tests" */;
			buildPhases = (
				150CB1DA1948E6B900636103 /* Sources */,
				150CB1DB1948E6B900636103 /* Frameworks */,
				150CB1DC1948E6B900636103 /* Resources */,
			);
			buildRules = (
			);
			dependencies = (
				150CB1E41948E6B900636103 /* PBXTargetDependency */,
			);
			name = PAM2Tests;
			productName = PAM2Tests;
			productReference = 150CB1DE1948E6B900636103 /* PAM2Tests.xctest */;
			productType = "com.apple.product-type.bundle.unit-test";
		};
/* End PBXNativeTarget section */

/* Begin PBXProject section */
		150CB1BB1948E6B800636103 /* Project object */ = {
			isa = PBXProject;
			attributes = {
				LastUpgradeCheck = 0510;
				ORGANIZATIONNAME = "Rinat Abdrashitov";
				TargetAttributes = {
					150CB1C21948E6B800636103 = {
						DevelopmentTeam = S9DA2LPXVJ;
					};
					150CB1DD1948E6B900636103 = {
						TestTargetID = 150CB1C21948E6B800636103;
					};
				};
			};
			buildConfigurationList = 150CB1BE1948E6B800636103 /* Build configuration list for PBXProject "PAM2" */;
			compatibilityVersion = "Xcode 3.2";
			developmentRegion = English;
			hasScannedForEncodings = 0;
			knownRegions = (
				en,
				Base,
			);
			mainGroup = 150CB1BA1948E6B800636103;
			productRefGroup = 150CB1C41948E6B800636103 /* Products */;
			projectDirPath = "";
			projectReferences = (
				{
					ProductGroup = 150CB1FF1948EFD900636103 /* Products */;
					ProjectRef = 150CB1FE1948EFD900636103 /* GEL-iOS.xcodeproj */;
				},
			);
			projectRoot = "";
			targets = (
				150CB1C21948E6B800636103 /* PAM2 */,
				150CB1DD1948E6B900636103 /* PAM2Tests */,
			);
		};
/* End PBXProject section */

/* Begin PBXReferenceProxy section */
		150CB2061948EFD900636103 /* GEL-iOS.app */ = {
			isa = PBXReferenceProxy;
			fileType = wrapper.application;
			path = "GEL-iOS.app";
			remoteRef = 150CB2051948EFD900636103 /* PBXContainerItemProxy */;
			sourceTree = BUILT_PRODUCTS_DIR;
		};
		150CB2081948EFD900636103 /* libGEL-iOS Static Library.a */ = {
			isa = PBXReferenceProxy;
			fileType = archive.ar;
			path = "libGEL-iOS Static Library.a";
			remoteRef = 150CB2071948EFD900636103 /* PBXContainerItemProxy */;
			sourceTree = BUILT_PRODUCTS_DIR;
		};
		150CB20A1948EFD900636103 /* GEL-iOSTests.xctest */ = {
			isa = PBXReferenceProxy;
			fileType = wrapper.cfbundle;
			path = "GEL-iOSTests.xctest";
			remoteRef = 150CB2091948EFD900636103 /* PBXContainerItemProxy */;
			sourceTree = BUILT_PRODUCTS_DIR;
		};
		150CB20C1948EFD900636103 /* GEL-iOS Static LibraryTests.xctest */ = {
			isa = PBXReferenceProxy;
			fileType = wrapper.cfbundle;
			path = "GEL-iOS Static LibraryTests.xctest";
			remoteRef = 150CB20B1948EFD900636103 /* PBXContainerItemProxy */;
			sourceTree = BUILT_PRODUCTS_DIR;
		};
/* End PBXReferenceProxy section */

/* Begin PBXResourcesBuildPhase section */
		150CB1C11948E6B800636103 /* Resources */ = {
			isa = PBXResourcesBuildPhase;
			buildActionMask = 2147483647;
			files = (
				15B8A42A194CD28900CD578C /* Shader.vsh in Resources */,
				15B8BE50195E68C400CE2AE6 /* PosColorShader.vsh in Resources */,
				15B8A429194CD28900CD578C /* Shader.fsh in Resources */,
				150CB1D11948E6B900636103 /* InfoPlist.strings in Resources */,
				159499E0196BA6FC000095C4 /* alfa147.obj in Resources */,
				15EEF1C9195F79AD00902AA7 /* sphere.obj in Resources */,
				15B8BE4F195E68C400CE2AE6 /* PosColorShader.fsh in Resources */,
				159499D7196BA36C000095C4 /* table.obj in Resources */,
				15EEF1D0195FCAEA00902AA7 /* DepthShader.fsh in Resources */,
				15736AFD195156AC00055052 /* HAND PAM 15.obj in Resources */,
				15B7D2A91978A94F008ADA28 /* roundsegment.obj in Resources */,
				150CB1D91948E6B900636103 /* Images.xcassets in Resources */,
				15AE973219777ABE00316852 /* pelvis.obj in Resources */,
				15EEF1D1195FCAEA00902AA7 /* DepthShader.vsh in Resources */,
				159499D4196BA1CF000095C4 /* 3DFile.obj in Resources */,
				157B96211958BEB3008599EC /* PAM.obj in Resources */,
				159499DD196BA692000095C4 /* shuttle.obj in Resources */,
				159499DA196BA372000095C4 /* dino.obj in Resources */,
				151A4AE91974EC6300992F42 /* platesegment.obj in Resources */,
			);
			runOnlyForDeploymentPostprocessing = 0;
		};
		150CB1DC1948E6B900636103 /* Resources */ = {
			isa = PBXResourcesBuildPhase;
			buildActionMask = 2147483647;
			files = (
				150CB1EA1948E6B900636103 /* InfoPlist.strings in Resources */,
				159499DE196BA692000095C4 /* shuttle.obj in Resources */,
				151A4AEA1974EC6300992F42 /* platesegment.obj in Resources */,
				159499E1196BA6FC000095C4 /* alfa147.obj in Resources */,
				159499DB196BA372000095C4 /* dino.obj in Resources */,
				159499D5196BA1CF000095C4 /* 3DFile.obj in Resources */,
				159499D8196BA36C000095C4 /* table.obj in Resources */,
				15736AFE195156AC00055052 /* HAND PAM 15.obj in Resources */,
			);
			runOnlyForDeploymentPostprocessing = 0;
		};
/* End PBXResourcesBuildPhase section */

/* Begin PBXSourcesBuildPhase section */
		150CB1BF1948E6B800636103 /* Sources */ = {
			isa = PBXSourcesBuildPhase;
			buildActionMask = 2147483647;
			files = (
				157BBA7A197DC6B30089B753 /* PAMSettingsManager.cpp in Sources */,
				15B8BE4A195E547F00CE2AE6 /* RARotationManager.cpp in Sources */,
				159499C9196B7842000095C4 /* RAES2OffScreenBuffer.cpp in Sources */,
				15B8A421194CD1D900CD578C /* RAMesh.cpp in Sources */,
				150CB1D71948E6B900636103 /* AppDelegate.mm in Sources */,
				15B8BE4B195E547F00CE2AE6 /* RATranslationManager.cpp in Sources */,
				151A4A941973ADEE00992F42 /* RAPolylineUtilities.cpp in Sources */,
				150CB1D31948E6B900636103 /* main.m in Sources */,
				15D4F0C01958F678001245FB /* BasePAMViewController.mm in Sources */,
				15EEF1CB195F79AD00902AA7 /* RAUnitSphere.cpp in Sources */,
				15D4F0C21958F678001245FB /* PAMES2ViewController.mm in Sources */,
				159499E6196BE6E6000095C4 /* OssaPlatesViewController.mm in Sources */,
				15B8A422194CD1D900CD578C /* RAES2ShaderProgram.cpp in Sources */,
				150CB2221949019000636103 /* PAMManifold.mm in Sources */,
				15B8A423194CD1D900CD578C /* RAES2VertexBuffer.cpp in Sources */,
				159499EF196C01B5000095C4 /* RAPolyLine.cpp in Sources */,
				15D4F0B71958EF5B001245FB /* RAES2VertexArray.cpp in Sources */,
				15D4F0C71958F691001245FB /* RALogManager.cpp in Sources */,
				15AE97391977A15B00316852 /* Plate.cpp in Sources */,
				151A4A981973B5AD00992F42 /* SegmentSpline.cpp in Sources */,
				15EEF1CA195F79AD00902AA7 /* RABoundingBox.cpp in Sources */,
				15B8BE4C195E547F00CE2AE6 /* RAZoomManager.cpp in Sources */,
				159499D1196B9BB6000095C4 /* glu.cpp in Sources */,
			);
			runOnlyForDeploymentPostprocessing = 0;
		};
		150CB1DA1948E6B900636103 /* Sources */ = {
			isa = PBXSourcesBuildPhase;
			buildActionMask = 2147483647;
			files = (
				159499E7196BE6E6000095C4 /* OssaPlatesViewController.mm in Sources */,
				159499D2196B9BB6000095C4 /* glu.cpp in Sources */,
				15D4F0C11958F678001245FB /* BasePAMViewController.mm in Sources */,
				151A4A991973B5AD00992F42 /* SegmentSpline.cpp in Sources */,
				150CB2231949019000636103 /* PAMManifold.mm in Sources */,
				151A4A951973ADEE00992F42 /* RAPolylineUtilities.cpp in Sources */,
				150CB1EC1948E6B900636103 /* PAM2Tests.m in Sources */,
				15D4F0C31958F678001245FB /* PAMES2ViewController.mm in Sources */,
				15D4F0B81958EF5B001245FB /* RAES2VertexArray.cpp in Sources */,
				159499F0196C01B5000095C4 /* RAPolyLine.cpp in Sources */,
				159499CA196B7842000095C4 /* RAES2OffScreenBuffer.cpp in Sources */,
				15D4F0C81958F691001245FB /* RALogManager.cpp in Sources */,
				15AE973A1977A15B00316852 /* Plate.cpp in Sources */,
			);
			runOnlyForDeploymentPostprocessing = 0;
		};
/* End PBXSourcesBuildPhase section */

/* Begin PBXTargetDependency section */
		150CB1E41948E6B900636103 /* PBXTargetDependency */ = {
			isa = PBXTargetDependency;
			target = 150CB1C21948E6B800636103 /* PAM2 */;
			targetProxy = 150CB1E31948E6B900636103 /* PBXContainerItemProxy */;
		};
		150CB20E1948F01D00636103 /* PBXTargetDependency */ = {
			isa = PBXTargetDependency;
			name = "GEL-iOS Static Library";
			targetProxy = 150CB20D1948F01D00636103 /* PBXContainerItemProxy */;
		};
/* End PBXTargetDependency section */

/* Begin PBXVariantGroup section */
		150CB1CF1948E6B900636103 /* InfoPlist.strings */ = {
			isa = PBXVariantGroup;
			children = (
				150CB1D01948E6B900636103 /* en */,
			);
			name = InfoPlist.strings;
			sourceTree = "<group>";
		};
		150CB1E81948E6B900636103 /* InfoPlist.strings */ = {
			isa = PBXVariantGroup;
			children = (
				150CB1E91948E6B900636103 /* en */,
			);
			name = InfoPlist.strings;
			sourceTree = "<group>";
		};
/* End PBXVariantGroup section */

/* Begin XCBuildConfiguration section */
		150CB1ED1948E6B900636103 /* Debug */ = {
			isa = XCBuildConfiguration;
			buildSettings = {
				ALWAYS_SEARCH_USER_PATHS = NO;
				CLANG_CXX_LANGUAGE_STANDARD = "gnu++0x";
				CLANG_CXX_LIBRARY = "libc++";
				CLANG_ENABLE_MODULES = YES;
				CLANG_ENABLE_OBJC_ARC = YES;
				CLANG_WARN_BOOL_CONVERSION = YES;
				CLANG_WARN_CONSTANT_CONVERSION = YES;
				CLANG_WARN_DIRECT_OBJC_ISA_USAGE = YES_ERROR;
				CLANG_WARN_EMPTY_BODY = YES;
				CLANG_WARN_ENUM_CONVERSION = YES;
				CLANG_WARN_INT_CONVERSION = YES;
				CLANG_WARN_OBJC_ROOT_CLASS = YES_ERROR;
				CLANG_WARN__DUPLICATE_METHOD_MATCH = YES;
				CODE_SIGN_IDENTITY = "iPhone Developer: Riant Abdrashitov (ZB3W7CDQH4)";
				"CODE_SIGN_IDENTITY[sdk=iphoneos*]" = "iPhone Developer: Riant Abdrashitov (ZB3W7CDQH4)";
				COPY_PHASE_STRIP = NO;
				GCC_C_LANGUAGE_STANDARD = gnu99;
				GCC_DYNAMIC_NO_PIC = NO;
				GCC_OPTIMIZATION_LEVEL = 0;
				GCC_PREPROCESSOR_DEFINITIONS = (
					"DEBUG=1",
					"$(inherited)",
				);
				GCC_SYMBOLS_PRIVATE_EXTERN = NO;
				GCC_WARN_64_TO_32_BIT_CONVERSION = YES;
				GCC_WARN_ABOUT_RETURN_TYPE = YES_ERROR;
				GCC_WARN_UNDECLARED_SELECTOR = YES;
				GCC_WARN_UNINITIALIZED_AUTOS = YES_AGGRESSIVE;
				GCC_WARN_UNUSED_FUNCTION = YES;
				GCC_WARN_UNUSED_VARIABLE = YES;
				IPHONEOS_DEPLOYMENT_TARGET = 7.1;
				ONLY_ACTIVE_ARCH = YES;
				PROVISIONING_PROFILE = "BA559D5D-7405-4861-A957-78C750CC8FA1";
				SDKROOT = iphoneos;
				TARGETED_DEVICE_FAMILY = "1,2";
			};
			name = Debug;
		};
		150CB1EE1948E6B900636103 /* Release */ = {
			isa = XCBuildConfiguration;
			buildSettings = {
				ALWAYS_SEARCH_USER_PATHS = NO;
				CLANG_CXX_LANGUAGE_STANDARD = "gnu++0x";
				CLANG_CXX_LIBRARY = "libc++";
				CLANG_ENABLE_MODULES = YES;
				CLANG_ENABLE_OBJC_ARC = YES;
				CLANG_WARN_BOOL_CONVERSION = YES;
				CLANG_WARN_CONSTANT_CONVERSION = YES;
				CLANG_WARN_DIRECT_OBJC_ISA_USAGE = YES_ERROR;
				CLANG_WARN_EMPTY_BODY = YES;
				CLANG_WARN_ENUM_CONVERSION = YES;
				CLANG_WARN_INT_CONVERSION = YES;
				CLANG_WARN_OBJC_ROOT_CLASS = YES_ERROR;
				CLANG_WARN__DUPLICATE_METHOD_MATCH = YES;
				CODE_SIGN_IDENTITY = "iPhone Distribution: Rinat Abdrashitov (S9DA2LPXVJ)";
				"CODE_SIGN_IDENTITY[sdk=iphoneos*]" = "iPhone Distribution: Rinat Abdrashitov (S9DA2LPXVJ)";
				COPY_PHASE_STRIP = YES;
				ENABLE_NS_ASSERTIONS = NO;
				GCC_C_LANGUAGE_STANDARD = gnu99;
				GCC_WARN_64_TO_32_BIT_CONVERSION = YES;
				GCC_WARN_ABOUT_RETURN_TYPE = YES_ERROR;
				GCC_WARN_UNDECLARED_SELECTOR = YES;
				GCC_WARN_UNINITIALIZED_AUTOS = YES_AGGRESSIVE;
				GCC_WARN_UNUSED_FUNCTION = YES;
				GCC_WARN_UNUSED_VARIABLE = YES;
				IPHONEOS_DEPLOYMENT_TARGET = 7.1;
				PROVISIONING_PROFILE = "64FBF35B-136D-4480-BB45-96A1C2CC1584";
				SDKROOT = iphoneos;
				TARGETED_DEVICE_FAMILY = "1,2";
				VALIDATE_PRODUCT = YES;
			};
			name = Release;
		};
		150CB1F01948E6B900636103 /* Debug */ = {
			isa = XCBuildConfiguration;
			buildSettings = {
				ASSETCATALOG_COMPILER_APPICON_NAME = AppIcon;
				ASSETCATALOG_COMPILER_LAUNCHIMAGE_NAME = LaunchImage;
				CLANG_WARN_DOCUMENTATION_COMMENTS = YES;
				CODE_SIGN_IDENTITY = "iPhone Developer: Riant Abdrashitov (ZB3W7CDQH4)";
				"CODE_SIGN_IDENTITY[sdk=iphoneos*]" = "iPhone Developer: Riant Abdrashitov (ZB3W7CDQH4)";
				GCC_PRECOMPILE_PREFIX_HEADER = YES;
				GCC_PREFIX_HEADER = "PAM2/PAM2-Prefix.pch";
				INFOPLIST_FILE = "PAM2/PAM2-Info.plist";
				IPHONEOS_DEPLOYMENT_TARGET = 7.0;
				PRODUCT_NAME = "$(TARGET_NAME)";
				PROVISIONING_PROFILE = "BA559D5D-7405-4861-A957-78C750CC8FA1";
				USER_HEADER_SEARCH_PATHS = "$(SRCROOT)/GEL-iOS/**";
				WRAPPER_EXTENSION = app;
			};
			name = Debug;
		};
		150CB1F11948E6B900636103 /* Release */ = {
			isa = XCBuildConfiguration;
			buildSettings = {
				ASSETCATALOG_COMPILER_APPICON_NAME = AppIcon;
				ASSETCATALOG_COMPILER_LAUNCHIMAGE_NAME = LaunchImage;
				CLANG_WARN_DOCUMENTATION_COMMENTS = YES;
				CODE_SIGN_IDENTITY = "iPhone Distribution: Rinat Abdrashitov (S9DA2LPXVJ)";
				"CODE_SIGN_IDENTITY[sdk=iphoneos*]" = "iPhone Distribution: Rinat Abdrashitov (S9DA2LPXVJ)";
				GCC_PRECOMPILE_PREFIX_HEADER = YES;
				GCC_PREFIX_HEADER = "PAM2/PAM2-Prefix.pch";
				INFOPLIST_FILE = "PAM2/PAM2-Info.plist";
				IPHONEOS_DEPLOYMENT_TARGET = 7.0;
				PRODUCT_NAME = "$(TARGET_NAME)";
				PROVISIONING_PROFILE = "64FBF35B-136D-4480-BB45-96A1C2CC1584";
				USER_HEADER_SEARCH_PATHS = "$(SRCROOT)/GEL-iOS/**";
				WRAPPER_EXTENSION = app;
			};
			name = Release;
		};
		150CB1F31948E6B900636103 /* Debug */ = {
			isa = XCBuildConfiguration;
			buildSettings = {
				BUNDLE_LOADER = "$(BUILT_PRODUCTS_DIR)/PAM2.app/PAM2";
				FRAMEWORK_SEARCH_PATHS = (
					"$(SDKROOT)/Developer/Library/Frameworks",
					"$(inherited)",
					"$(DEVELOPER_FRAMEWORKS_DIR)",
				);
				GCC_PRECOMPILE_PREFIX_HEADER = YES;
				GCC_PREFIX_HEADER = "PAM2/PAM2-Prefix.pch";
				GCC_PREPROCESSOR_DEFINITIONS = (
					"DEBUG=1",
					"$(inherited)",
				);
				INFOPLIST_FILE = "PAM2Tests/PAM2Tests-Info.plist";
				PRODUCT_NAME = "$(TARGET_NAME)";
				TEST_HOST = "$(BUNDLE_LOADER)";
				WRAPPER_EXTENSION = xctest;
			};
			name = Debug;
		};
		150CB1F41948E6B900636103 /* Release */ = {
			isa = XCBuildConfiguration;
			buildSettings = {
				BUNDLE_LOADER = "$(BUILT_PRODUCTS_DIR)/PAM2.app/PAM2";
				FRAMEWORK_SEARCH_PATHS = (
					"$(SDKROOT)/Developer/Library/Frameworks",
					"$(inherited)",
					"$(DEVELOPER_FRAMEWORKS_DIR)",
				);
				GCC_PRECOMPILE_PREFIX_HEADER = YES;
				GCC_PREFIX_HEADER = "PAM2/PAM2-Prefix.pch";
				INFOPLIST_FILE = "PAM2Tests/PAM2Tests-Info.plist";
				PRODUCT_NAME = "$(TARGET_NAME)";
				TEST_HOST = "$(BUNDLE_LOADER)";
				WRAPPER_EXTENSION = xctest;
			};
			name = Release;
		};
/* End XCBuildConfiguration section */

/* Begin XCConfigurationList section */
		150CB1BE1948E6B800636103 /* Build configuration list for PBXProject "PAM2" */ = {
			isa = XCConfigurationList;
			buildConfigurations = (
				150CB1ED1948E6B900636103 /* Debug */,
				150CB1EE1948E6B900636103 /* Release */,
			);
			defaultConfigurationIsVisible = 0;
			defaultConfigurationName = Release;
		};
		150CB1EF1948E6B900636103 /* Build configuration list for PBXNativeTarget "PAM2" */ = {
			isa = XCConfigurationList;
			buildConfigurations = (
				150CB1F01948E6B900636103 /* Debug */,
				150CB1F11948E6B900636103 /* Release */,
			);
			defaultConfigurationIsVisible = 0;
			defaultConfigurationName = Release;
		};
		150CB1F21948E6B900636103 /* Build configuration list for PBXNativeTarget "PAM2Tests" */ = {
			isa = XCConfigurationList;
			buildConfigurations = (
				150CB1F31948E6B900636103 /* Debug */,
				150CB1F41948E6B900636103 /* Release */,
			);
			defaultConfigurationIsVisible = 0;
			defaultConfigurationName = Release;
		};
/* End XCConfigurationList section */
	};
	rootObject = 150CB1BB1948E6B800636103 /* Project object */;
}
